// !$*UTF8*$!
{
	archiveVersion = 1;
	classes = {
	};
	objectVersion = 46;
	objects = {

/* Begin PBXBuildFile section */
		5CCE90E936581F61789A4487 /* Item.swift in Sources */ = {isa = PBXBuildFile; fileRef = 5CCE9AC60AA538842EA73339 /* Item.swift */; };
		5CCE9541FC7C0B9430D80CE6 /* GridTypePicker.swift in Sources */ = {isa = PBXBuildFile; fileRef = 5CCE9EBD0968C6EBD56E52C9 /* GridTypePicker.swift */; };
		5CCE9A13244BF930AEF5B2FE /* App_GridView_1_IntroApp.swift in Sources */ = {isa = PBXBuildFile; fileRef = 5CCE9E45562561547449A848 /* App_GridView_1_IntroApp.swift */; };
		5CCE9D538C9CE320B9801CFA /* Assets.xcassets in Resources */ = {isa = PBXBuildFile; fileRef = 5CCE91E10231E8EDC969DA4B /* Assets.xcassets */; };
		5CCE9ED81F20D3A215E0B9C5 /* Preview Assets.xcassets in Resources */ = {isa = PBXBuildFile; fileRef = 5CCE964C99132489B7BCEA5B /* Preview Assets.xcassets */; };
		5CCE9F2E52D156A1E0D5ADC8 /* ContentView.swift in Sources */ = {isa = PBXBuildFile; fileRef = 5CCE93533A8626173BC704EA /* ContentView.swift */; };
/* End PBXBuildFile section */

/* Begin PBXFileReference section */
		5CCE91E10231E8EDC969DA4B /* Assets.xcassets */ = {isa = PBXFileReference; lastKnownFileType = folder.assetcatalog; path = Assets.xcassets; sourceTree = "<group>"; };
		5CCE93533A8626173BC704EA /* ContentView.swift */ = {isa = PBXFileReference; lastKnownFileType = sourcecode.swift; path = ContentView.swift; sourceTree = "<group>"; };
		5CCE964C99132489B7BCEA5B /* Preview Assets.xcassets */ = {isa = PBXFileReference; lastKnownFileType = folder.assetcatalog; path = "Preview Assets.xcassets"; sourceTree = "<group>"; };
		5CCE9AC60AA538842EA73339 /* Item.swift */ = {isa = PBXFileReference; fileEncoding = 4; lastKnownFileType = sourcecode.swift; path = Item.swift; sourceTree = "<group>"; };
		5CCE9E45562561547449A848 /* App_GridView_1_IntroApp.swift */ = {isa = PBXFileReference; lastKnownFileType = sourcecode.swift; path = App_GridView_1_IntroApp.swift; sourceTree = "<group>"; };
		5CCE9EBD0968C6EBD56E52C9 /* GridTypePicker.swift */ = {isa = PBXFileReference; fileEncoding = 4; lastKnownFileType = sourcecode.swift; path = GridTypePicker.swift; sourceTree = "<group>"; };
		5CCE9FAFEF0BE0DEA753F0FC /* App_GridView_1_Intro.app */ = {isa = PBXFileReference; explicitFileType = wrapper.application; includeInIndex = 0; path = App_GridView_1_Intro.app; sourceTree = BUILT_PRODUCTS_DIR; };
/* End PBXFileReference section */

/* Begin PBXFrameworksBuildPhase section */
		5CCE9ABBC294194C61193EC0 /* Frameworks */ = {
			isa = PBXFrameworksBuildPhase;
			buildActionMask = 2147483647;
			files = (
			);
			runOnlyForDeploymentPostprocessing = 0;
		};
/* End PBXFrameworksBuildPhase section */

/* Begin PBXGroup section */
		5CCE90FEC90FA45615241220 /* App_GridView_1_Intro */ = {
			isa = PBXGroup;
			children = (
				5CCE91E10231E8EDC969DA4B /* Assets.xcassets */,
				5CCE954816FAD13B700A651E /* Preview Content */,
				5CCE9E45562561547449A848 /* App_GridView_1_IntroApp.swift */,
				5CCE93533A8626173BC704EA /* ContentView.swift */,
				5CCE9EBD0968C6EBD56E52C9 /* GridTypePicker.swift */,
				5CCE9AC60AA538842EA73339 /* Item.swift */,
			);
			path = App_GridView_1_Intro;
			sourceTree = "<group>";
		};
		5CCE954816FAD13B700A651E /* Preview Content */ = {
			isa = PBXGroup;
			children = (
				5CCE964C99132489B7BCEA5B /* Preview Assets.xcassets */,
			);
			path = "Preview Content";
			sourceTree = "<group>";
		};
		5CCE97415F6D431C2D423FA3 = {
			isa = PBXGroup;
			children = (
				5CCE9EC5F26E6C656BE89F29 /* Products */,
				5CCE90FEC90FA45615241220 /* App_GridView_1_Intro */,
			);
			sourceTree = "<group>";
		};
		5CCE9EC5F26E6C656BE89F29 /* Products */ = {
			isa = PBXGroup;
			children = (
				5CCE9FAFEF0BE0DEA753F0FC /* App_GridView_1_Intro.app */,
			);
			name = Products;
			sourceTree = "<group>";
		};
/* End PBXGroup section */

/* Begin PBXNativeTarget section */
		5CCE967F3F7D56CED03B3E38 /* App_GridView_1_Intro */ = {
			isa = PBXNativeTarget;
			buildConfigurationList = 5CCE95D8E81724E7FDB2FABE /* Build configuration list for PBXNativeTarget "App_GridView_1_Intro" */;
			buildPhases = (
				5CCE976B44CD9BDA66288233 /* Sources */,
				5CCE9ABBC294194C61193EC0 /* Frameworks */,
				5CCE95EA5B977ADFD3ACF5A2 /* Resources */,
			);
			buildRules = (
			);
			dependencies = (
			);
			name = App_GridView_1_Intro;
			productName = App_GridView_1_Intro;
			productReference = 5CCE9FAFEF0BE0DEA753F0FC /* App_GridView_1_Intro.app */;
			productType = "com.apple.product-type.application";
		};
/* End PBXNativeTarget section */

/* Begin PBXProject section */
		5CCE986EC77C4FDB2397A1AA /* Project object */ = {
			isa = PBXProject;
			buildConfigurationList = 5CCE99A66B7AEC292D74ECD2 /* Build configuration list for PBXProject "App_GridView_1_Intro" */;
			compatibilityVersion = "Xcode 3.2";
			developmentRegion = English;
			hasScannedForEncodings = 0;
			knownRegions = (
				en,
			);
			mainGroup = 5CCE97415F6D431C2D423FA3;
			productRefGroup = 5CCE9EC5F26E6C656BE89F29 /* Products */;
			projectDirPath = "";
			projectRoot = "";
			targets = (
				5CCE967F3F7D56CED03B3E38 /* App_GridView_1_Intro */,
			);
		};
/* End PBXProject section */

/* Begin PBXResourcesBuildPhase section */
		5CCE95EA5B977ADFD3ACF5A2 /* Resources */ = {
			isa = PBXResourcesBuildPhase;
			buildActionMask = 2147483647;
			files = (
				5CCE9D538C9CE320B9801CFA /* Assets.xcassets in Resources */,
				5CCE9ED81F20D3A215E0B9C5 /* Preview Assets.xcassets in Resources */,
			);
			runOnlyForDeploymentPostprocessing = 0;
		};
/* End PBXResourcesBuildPhase section */

/* Begin PBXSourcesBuildPhase section */
		5CCE976B44CD9BDA66288233 /* Sources */ = {
			isa = PBXSourcesBuildPhase;
			buildActionMask = 2147483647;
			files = (
				5CCE9A13244BF930AEF5B2FE /* App_GridView_1_IntroApp.swift in Sources */,
				5CCE9F2E52D156A1E0D5ADC8 /* ContentView.swift in Sources */,
				5CCE9541FC7C0B9430D80CE6 /* GridTypePicker.swift in Sources */,
				5CCE90E936581F61789A4487 /* Item.swift in Sources */,
			);
			runOnlyForDeploymentPostprocessing = 0;
		};
/* End PBXSourcesBuildPhase section */

/* Begin XCBuildConfiguration section */
		5CCE935D9071DE6333D1F7D6 /* Debug */ = {
			isa = XCBuildConfiguration;
			buildSettings = {
				ASSETCATALOG_COMPILER_APPICON_NAME = AppIcon;
				ASSETCATALOG_COMPILER_GLOBAL_ACCENT_COLOR_NAME = AccentColor;
				CURRENT_PROJECT_VERSION = 1;
				DEVELOPMENT_ASSET_PATHS = "\"App_GridView_1_Intro/Preview Content\"";
				ENABLE_BITCODE = NO;
				ENABLE_PREVIEWS = YES;
				GENERATE_INFOPLIST_FILE = YES;
				INFOPLIST_KEY_UIApplicationSceneManifest_Generation = YES;
				INFOPLIST_KEY_UIApplicationSupportsIndirectInputEvents = YES;
				INFOPLIST_KEY_UILaunchScreen_Generation = YES;
				INFOPLIST_KEY_UISupportedInterfaceOrientations_iPad = "UIInterfaceOrientationPortrait UIInterfaceOrientationPortraitUpsideDown UIInterfaceOrientationLandscapeLeft UIInterfaceOrientationLandscapeRight";
				INFOPLIST_KEY_UISupportedInterfaceOrientations_iPhone = "UIInterfaceOrientationPortrait UIInterfaceOrientationLandscapeLeft UIInterfaceOrientationLandscapeRight";
				LD_RUNPATH_SEARCH_PATHS = "$(inherited) @executable_path/Frameworks";
				MARKETING_VERSION = 1.0;
				OTHER_LDFLAGS = (
					"-Xlinker",
					"-interposable",
					"-Xlinker",
					"-undefined",
					"-Xlinker",
					dynamic_lookup,
				);
				PRODUCT_BUNDLE_IDENTIFIER = "com.icloud.App-GridView-1-Intro";
				PRODUCT_NAME = "$(TARGET_NAME)";
				SWIFT_EMIT_LOC_STRINGS = YES;
				SWIFT_VERSION = 5.0;
				TARGETED_DEVICE_FAMILY = "1,2";
			};
			name = Debug;
		};
		5CCE95D3C23FD064FAE39E80 /* Debug */ = {
			isa = XCBuildConfiguration;
			buildSettings = {
				ALWAYS_SEARCH_USER_PATHS = NO;
				CLANG_ANALYZER_NONNULL = YES;
				CLANG_ANALYZER_NUMBER_OBJECT_CONVERSION = YES_AGGRESSIVE;
				CLANG_CXX_LANGUAGE_STANDARD = "gnu++17";
				CLANG_CXX_LIBRARY = "libc++";
				CLANG_ENABLE_MODULES = YES;
				CLANG_ENABLE_OBJC_ARC = YES;
				CLANG_ENABLE_OBJC_WEAK = YES;
				CLANG_WARN_BLOCK_CAPTURE_AUTORELEASING = YES;
				CLANG_WARN_BOOL_CONVERSION = YES;
				CLANG_WARN_COMMA = YES;
				CLANG_WARN_CONSTANT_CONVERSION = YES;
				CLANG_WARN_DEPRECATED_OBJC_IMPLEMENTATIONS = YES;
				CLANG_WARN_DIRECT_OBJC_ISA_USAGE = YES_ERROR;
				CLANG_WARN_DOCUMENTATION_COMMENTS = YES;
				CLANG_WARN_EMPTY_BODY = YES;
				CLANG_WARN_ENUM_CONVERSION = YES;
				CLANG_WARN_INFINITE_RECURSION = YES;
				CLANG_WARN_INT_CONVERSION = YES;
				CLANG_WARN_NON_LITERAL_NULL_CONVERSION = YES;
				CLANG_WARN_OBJC_IMPLICIT_RETAIN_SELF = YES;
				CLANG_WARN_OBJC_LITERAL_CONVERSION = YES;
				CLANG_WARN_OBJC_ROOT_CLASS = YES_ERROR;
				CLANG_WARN_QUOTED_INCLUDE_IN_FRAMEWORK_HEADER = YES;
				CLANG_WARN_RANGE_LOOP_ANALYSIS = YES;
				CLANG_WARN_STRICT_PROTOTYPES = YES;
				CLANG_WARN_SUSPICIOUS_MOVE = YES;
				CLANG_WARN_UNGUARDED_AVAILABILITY = YES_AGGRESSIVE;
				CLANG_WARN_UNREACHABLE_CODE = YES;
				CLANG_WARN__DUPLICATE_METHOD_MATCH = YES;
				COPY_PHASE_STRIP = NO;
				DEBUG_INFORMATION_FORMAT = dwarf;
				ENABLE_BITCODE = NO;
				ENABLE_STRICT_OBJC_MSGSEND = YES;
				ENABLE_TESTABILITY = YES;
				GCC_C_LANGUAGE_STANDARD = gnu11;
				GCC_DYNAMIC_NO_PIC = NO;
				GCC_NO_COMMON_BLOCKS = YES;
				GCC_OPTIMIZATION_LEVEL = 0;
				GCC_PREPROCESSOR_DEFINITIONS = (
					"DEBUG=1",
					"$(inherited)",
				);
				GCC_WARN_64_TO_32_BIT_CONVERSION = YES;
				GCC_WARN_ABOUT_RETURN_TYPE = YES_ERROR;
				GCC_WARN_UNDECLARED_SELECTOR = YES;
				GCC_WARN_UNINITIALIZED_AUTOS = YES_AGGRESSIVE;
				GCC_WARN_UNUSED_FUNCTION = YES;
				GCC_WARN_UNUSED_VARIABLE = YES;
				IPHONEOS_DEPLOYMENT_TARGET = 15.2;
				MTL_ENABLE_DEBUG_INFO = INCLUDE_SOURCE;
				MTL_FAST_MATH = YES;
				ONLY_ACTIVE_ARCH = YES;
				OTHER_LDFLAGS = (
					"-Xlinker",
					"-interposable",
					"-Xlinker",
					"-undefined",
					"-Xlinker",
					dynamic_lookup,
				);
				SDKROOT = iphoneos;
				SWIFT_ACTIVE_COMPILATION_CONDITIONS = DEBUG;
				SWIFT_OPTIMIZATION_LEVEL = "-Onone";
			};
			name = Debug;
		};
		5CCE96C8BAF0139F1ABED332 /* Release */ = {
			isa = XCBuildConfiguration;
			buildSettings = {
				ASSETCATALOG_COMPILER_APPICON_NAME = AppIcon;
				ASSETCATALOG_COMPILER_GLOBAL_ACCENT_COLOR_NAME = AccentColor;
				CURRENT_PROJECT_VERSION = 1;
				DEVELOPMENT_ASSET_PATHS = "\"App_GridView_1_Intro/Preview Content\"";
				ENABLE_PREVIEWS = YES;
				GENERATE_INFOPLIST_FILE = YES;
				INFOPLIST_KEY_UIApplicationSceneManifest_Generation = YES;
				INFOPLIST_KEY_UIApplicationSupportsIndirectInputEvents = YES;
				INFOPLIST_KEY_UILaunchScreen_Generation = YES;
				INFOPLIST_KEY_UISupportedInterfaceOrientations_iPad = "UIInterfaceOrientationPortrait UIInterfaceOrientationPortraitUpsideDown UIInterfaceOrientationLandscapeLeft UIInterfaceOrientationLandscapeRight";
				INFOPLIST_KEY_UISupportedInterfaceOrientations_iPhone = "UIInterfaceOrientationPortrait UIInterfaceOrientationLandscapeLeft UIInterfaceOrientationLandscapeRight";
				LD_RUNPATH_SEARCH_PATHS = "$(inherited) @executable_path/Frameworks";
				MARKETING_VERSION = 1.0;
				PRODUCT_BUNDLE_IDENTIFIER = "com.icloud.App-GridView-1-Intro";
				PRODUCT_NAME = "$(TARGET_NAME)";
				SWIFT_EMIT_LOC_STRINGS = YES;
				SWIFT_VERSION = 5.0;
				TARGETED_DEVICE_FAMILY = "1,2";
			};
			name = Release;
		};
		5CCE9B4EA7DCC3788B9F99D6 /* Release */ = {
			isa = XCBuildConfiguration;
			buildSettings = {
				ALWAYS_SEARCH_USER_PATHS = NO;
				CLANG_ANALYZER_NONNULL = YES;
				CLANG_ANALYZER_NUMBER_OBJECT_CONVERSION = YES_AGGRESSIVE;
				CLANG_CXX_LANGUAGE_STANDARD = "gnu++17";
				CLANG_CXX_LIBRARY = "libc++";
				CLANG_ENABLE_MODULES = YES;
				CLANG_ENABLE_OBJC_ARC = YES;
				CLANG_ENABLE_OBJC_WEAK = YES;
				CLANG_WARN_BLOCK_CAPTURE_AUTORELEASING = YES;
				CLANG_WARN_BOOL_CONVERSION = YES;
				CLANG_WARN_COMMA = YES;
				CLANG_WARN_CONSTANT_CONVERSION = YES;
				CLANG_WARN_DEPRECATED_OBJC_IMPLEMENTATIONS = YES;
				CLANG_WARN_DIRECT_OBJC_ISA_USAGE = YES_ERROR;
				CLANG_WARN_DOCUMENTATION_COMMENTS = YES;
				CLANG_WARN_EMPTY_BODY = YES;
				CLANG_WARN_ENUM_CONVERSION = YES;
				CLANG_WARN_INFINITE_RECURSION = YES;
				CLANG_WARN_INT_CONVERSION = YES;
				CLANG_WARN_NON_LITERAL_NULL_CONVERSION = YES;
				CLANG_WARN_OBJC_IMPLICIT_RETAIN_SELF = YES;
				CLANG_WARN_OBJC_LITERAL_CONVERSION = YES;
				CLANG_WARN_OBJC_ROOT_CLASS = YES_ERROR;
				CLANG_WARN_QUOTED_INCLUDE_IN_FRAMEWORK_HEADER = YES;
				CLANG_WARN_RANGE_LOOP_ANALYSIS = YES;
				CLANG_WARN_STRICT_PROTOTYPES = YES;
				CLANG_WARN_SUSPICIOUS_MOVE = YES;
				CLANG_WARN_UNGUARDED_AVAILABILITY = YES_AGGRESSIVE;
				CLANG_WARN_UNREACHABLE_CODE = YES;
				CLANG_WARN__DUPLICATE_METHOD_MATCH = YES;
				COPY_PHASE_STRIP = NO;
				DEBUG_INFORMATION_FORMAT = "dwarf-with-dsym";
				ENABLE_NS_ASSERTIONS = NO;
				ENABLE_STRICT_OBJC_MSGSEND = YES;
				GCC_C_LANGUAGE_STANDARD = gnu11;
				GCC_NO_COMMON_BLOCKS = YES;
				GCC_WARN_64_TO_32_BIT_CONVERSION = YES;
				GCC_WARN_ABOUT_RETURN_TYPE = YES_ERROR;
				GCC_WARN_UNDECLARED_SELECTOR = YES;
				GCC_WARN_UNINITIALIZED_AUTOS = YES_AGGRESSIVE;
				GCC_WARN_UNUSED_FUNCTION = YES;
				GCC_WARN_UNUSED_VARIABLE = YES;
				IPHONEOS_DEPLOYMENT_TARGET = 15.2;
				MTL_ENABLE_DEBUG_INFO = NO;
				MTL_FAST_MATH = YES;
				SDKROOT = iphoneos;
				SWIFT_COMPILATION_MODE = wholemodule;
				SWIFT_OPTIMIZATION_LEVEL = "-O";
				VALIDATE_PRODUCT = YES;
			};
			name = Release;
		};
/* End XCBuildConfiguration section */

/* Begin XCConfigurationList section */
		5CCE95D8E81724E7FDB2FABE /* Build configuration list for PBXNativeTarget "App_GridView_1_Intro" */ = {
			isa = XCConfigurationList;
			buildConfigurations = (
				5CCE935D9071DE6333D1F7D6 /* Debug */,
				5CCE96C8BAF0139F1ABED332 /* Release */,
			);
			defaultConfigurationIsVisible = 0;
		};
		5CCE99A66B7AEC292D74ECD2 /* Build configuration list for PBXProject "App_GridView_1_Intro" */ = {
			isa = XCConfigurationList;
			buildConfigurations = (
				5CCE95D3C23FD064FAE39E80 /* Debug */,
				5CCE9B4EA7DCC3788B9F99D6 /* Release */,
			);
			defaultConfigurationIsVisible = 0;
			defaultConfigurationName = Release;
		};
/* End XCConfigurationList section */
	};
	rootObject = 5CCE986EC77C4FDB2397A1AA /* Project object */;
}
